// !$*UTF8*$!
{
	archiveVersion = 1;
	classes = {
	};
	objectVersion = 56;
	objects = {

/* Begin PBXBuildFile section */
		94B88F8E292E9FFB00ACF245 /* AppDelegate.swift in Sources */ = {isa = PBXBuildFile; fileRef = 94B88F8D292E9FFB00ACF245 /* AppDelegate.swift */; };
		94B88F90292E9FFB00ACF245 /* SceneDelegate.swift in Sources */ = {isa = PBXBuildFile; fileRef = 94B88F8F292E9FFB00ACF245 /* SceneDelegate.swift */; };
		94B88F92292E9FFB00ACF245 /* ViewController.swift in Sources */ = {isa = PBXBuildFile; fileRef = 94B88F91292E9FFB00ACF245 /* ViewController.swift */; };
		94B88F95292E9FFB00ACF245 /* Main.storyboard in Resources */ = {isa = PBXBuildFile; fileRef = 94B88F93292E9FFB00ACF245 /* Main.storyboard */; };
		94B88F97292E9FFC00ACF245 /* Assets.xcassets in Resources */ = {isa = PBXBuildFile; fileRef = 94B88F96292E9FFC00ACF245 /* Assets.xcassets */; };
		94B88F9A292E9FFC00ACF245 /* LaunchScreen.storyboard in Resources */ = {isa = PBXBuildFile; fileRef = 94B88F98292E9FFC00ACF245 /* LaunchScreen.storyboard */; };
		94B88FA2292EA01200ACF245 /* CustomView.swift in Sources */ = {isa = PBXBuildFile; fileRef = 94B88FA1292EA01200ACF245 /* CustomView.swift */; };
		94B88FA4292EA0A100ACF245 /* CALayer + Extension.swift in Sources */ = {isa = PBXBuildFile; fileRef = 94B88FA3292EA0A100ACF245 /* CALayer + Extension.swift */; };
/* End PBXBuildFile section */

/* Begin PBXFileReference section */
		94B88F8A292E9FFB00ACF245 /* SomeSadows.app */ = {isa = PBXFileReference; explicitFileType = wrapper.application; includeInIndex = 0; path = SomeSadows.app; sourceTree = BUILT_PRODUCTS_DIR; };
		94B88F8D292E9FFB00ACF245 /* AppDelegate.swift */ = {isa = PBXFileReference; lastKnownFileType = sourcecode.swift; path = AppDelegate.swift; sourceTree = "<group>"; };
		94B88F8F292E9FFB00ACF245 /* SceneDelegate.swift */ = {isa = PBXFileReference; lastKnownFileType = sourcecode.swift; path = SceneDelegate.swift; sourceTree = "<group>"; };
		94B88F91292E9FFB00ACF245 /* ViewController.swift */ = {isa = PBXFileReference; lastKnownFileType = sourcecode.swift; path = ViewController.swift; sourceTree = "<group>"; };
		94B88F94292E9FFB00ACF245 /* Base */ = {isa = PBXFileReference; lastKnownFileType = file.storyboard; name = Base; path = Base.lproj/Main.storyboard; sourceTree = "<group>"; };
		94B88F96292E9FFC00ACF245 /* Assets.xcassets */ = {isa = PBXFileReference; lastKnownFileType = folder.assetcatalog; path = Assets.xcassets; sourceTree = "<group>"; };
		94B88F99292E9FFC00ACF245 /* Base */ = {isa = PBXFileReference; lastKnownFileType = file.storyboard; name = Base; path = Base.lproj/LaunchScreen.storyboard; sourceTree = "<group>"; };
		94B88F9B292E9FFC00ACF245 /* Info.plist */ = {isa = PBXFileReference; lastKnownFileType = text.plist.xml; path = Info.plist; sourceTree = "<group>"; };
		94B88FA1292EA01200ACF245 /* CustomView.swift */ = {isa = PBXFileReference; lastKnownFileType = sourcecode.swift; path = CustomView.swift; sourceTree = "<group>"; };
		94B88FA3292EA0A100ACF245 /* CALayer + Extension.swift */ = {isa = PBXFileReference; lastKnownFileType = sourcecode.swift; path = "CALayer + Extension.swift"; sourceTree = "<group>"; };
/* End PBXFileReference section */

/* Begin PBXFrameworksBuildPhase section */
		94B88F87292E9FFB00ACF245 /* Frameworks */ = {
			isa = PBXFrameworksBuildPhase;
			buildActionMask = 2147483647;
			files = (
			);
			runOnlyForDeploymentPostprocessing = 0;
		};
/* End PBXFrameworksBuildPhase section */

/* Begin PBXGroup section */
		94B88F81292E9FFB00ACF245 = {
			isa = PBXGroup;
			children = (
				94B88F8C292E9FFB00ACF245 /* SomeSadows */,
				94B88F8B292E9FFB00ACF245 /* Products */,
			);
			sourceTree = "<group>";
		};
		94B88F8B292E9FFB00ACF245 /* Products */ = {
			isa = PBXGroup;
			children = (
				94B88F8A292E9FFB00ACF245 /* SomeSadows.app */,
			);
			name = Products;
			sourceTree = "<group>";
		};
		94B88F8C292E9FFB00ACF245 /* SomeSadows */ = {
			isa = PBXGroup;
			children = (
				94B88F8D292E9FFB00ACF245 /* AppDelegate.swift */,
				94B88F8F292E9FFB00ACF245 /* SceneDelegate.swift */,
				94B88F91292E9FFB00ACF245 /* ViewController.swift */,
				94B88F93292E9FFB00ACF245 /* Main.storyboard */,
				94B88F96292E9FFC00ACF245 /* Assets.xcassets */,
				94B88F98292E9FFC00ACF245 /* LaunchScreen.storyboard */,
				94B88F9B292E9FFC00ACF245 /* Info.plist */,
				94B88FA1292EA01200ACF245 /* CustomView.swift */,
				94B88FA3292EA0A100ACF245 /* CALayer + Extension.swift */,
			);
			path = SomeSadows;
			sourceTree = "<group>";
		};
/* End PBXGroup section */

/* Begin PBXNativeTarget section */
		94B88F89292E9FFB00ACF245 /* SomeSadows */ = {
			isa = PBXNativeTarget;
			buildConfigurationList = 94B88F9E292E9FFC00ACF245 /* Build configuration list for PBXNativeTarget "SomeSadows" */;
			buildPhases = (
				94B88F86292E9FFB00ACF245 /* Sources */,
				94B88F87292E9FFB00ACF245 /* Frameworks */,
				94B88F88292E9FFB00ACF245 /* Resources */,
			);
			buildRules = (
			);
			dependencies = (
			);
			name = SomeSadows;
			productName = SomeSadows;
			productReference = 94B88F8A292E9FFB00ACF245 /* SomeSadows.app */;
			productType = "com.apple.product-type.application";
		};
/* End PBXNativeTarget section */

/* Begin PBXProject section */
		94B88F82292E9FFB00ACF245 /* Project object */ = {
			isa = PBXProject;
			attributes = {
				BuildIndependentTargetsInParallel = 1;
				LastSwiftUpdateCheck = 1410;
				LastUpgradeCheck = 1410;
				TargetAttributes = {
					94B88F89292E9FFB00ACF245 = {
						CreatedOnToolsVersion = 14.1;
					};
				};
			};
			buildConfigurationList = 94B88F85292E9FFB00ACF245 /* Build configuration list for PBXProject "SomeSadows" */;
			compatibilityVersion = "Xcode 14.0";
			developmentRegion = en;
			hasScannedForEncodings = 0;
			knownRegions = (
				en,
				Base,
			);
			mainGroup = 94B88F81292E9FFB00ACF245;
			productRefGroup = 94B88F8B292E9FFB00ACF245 /* Products */;
			projectDirPath = "";
			projectRoot = "";
			targets = (
				94B88F89292E9FFB00ACF245 /* SomeSadows */,
			);
		};
/* End PBXProject section */

/* Begin PBXResourcesBuildPhase section */
		94B88F88292E9FFB00ACF245 /* Resources */ = {
			isa = PBXResourcesBuildPhase;
			buildActionMask = 2147483647;
			files = (
				94B88F9A292E9FFC00ACF245 /* LaunchScreen.storyboard in Resources */,
				94B88F97292E9FFC00ACF245 /* Assets.xcassets in Resources */,
				94B88F95292E9FFB00ACF245 /* Main.storyboard in Resources */,
			);
			runOnlyForDeploymentPostprocessing = 0;
		};
/* End PBXResourcesBuildPhase section */

/* Begin PBXSourcesBuildPhase section */
		94B88F86292E9FFB00ACF245 /* Sources */ = {
			isa = PBXSourcesBuildPhase;
			buildActionMask = 2147483647;
			files = (
				94B88F92292E9FFB00ACF245 /* ViewController.swift in Sources */,
				94B88FA2292EA01200ACF245 /* CustomView.swift in Sources */,
				94B88FA4292EA0A100ACF245 /* CALayer + Extension.swift in Sources */,
				94B88F8E292E9FFB00ACF245 /* AppDelegate.swift in Sources */,
				94B88F90292E9FFB00ACF245 /* SceneDelegate.swift in Sources */,
			);
			runOnlyForDeploymentPostprocessing = 0;
		};
/* End PBXSourcesBuildPhase section */

/* Begin PBXVariantGroup section */
		94B88F93292E9FFB00ACF245 /* Main.storyboard */ = {
			isa = PBXVariantGroup;
			children = (
				94B88F94292E9FFB00ACF245 /* Base */,
			);
			name = Main.storyboard;
			sourceTree = "<group>";
		};
		94B88F98292E9FFC00ACF245 /* LaunchScreen.storyboard */ = {
			isa = PBXVariantGroup;
			children = (
				94B88F99292E9FFC00ACF245 /* Base */,
			);
			name = LaunchScreen.storyboard;
			sourceTree = "<group>";
		};
/* End PBXVariantGroup section */

/* Begin XCBuildConfiguration section */
		94B88F9C292E9FFC00ACF245 /* Debug */ = {
			isa = XCBuildConfiguration;
			buildSettings = {
				ALWAYS_SEARCH_USER_PATHS = NO;
				CLANG_ANALYZER_NONNULL = YES;
				CLANG_ANALYZER_NUMBER_OBJECT_CONVERSION = YES_AGGRESSIVE;
				CLANG_CXX_LANGUAGE_STANDARD = "gnu++20";
				CLANG_ENABLE_MODULES = YES;
				CLANG_ENABLE_OBJC_ARC = YES;
				CLANG_ENABLE_OBJC_WEAK = YES;
				CLANG_WARN_BLOCK_CAPTURE_AUTORELEASING = YES;
				CLANG_WARN_BOOL_CONVERSION = YES;
				CLANG_WARN_COMMA = YES;
				CLANG_WARN_CONSTANT_CONVERSION = YES;
				CLANG_WARN_DEPRECATED_OBJC_IMPLEMENTATIONS = YES;
				CLANG_WARN_DIRECT_OBJC_ISA_USAGE = YES_ERROR;
				CLANG_WARN_DOCUMENTATION_COMMENTS = YES;
				CLANG_WARN_EMPTY_BODY = YES;
				CLANG_WARN_ENUM_CONVERSION = YES;
				CLANG_WARN_INFINITE_RECURSION = YES;
				CLANG_WARN_INT_CONVERSION = YES;
				CLANG_WARN_NON_LITERAL_NULL_CONVERSION = YES;
				CLANG_WARN_OBJC_IMPLICIT_RETAIN_SELF = YES;
				CLANG_WARN_OBJC_LITERAL_CONVERSION = YES;
				CLANG_WARN_OBJC_ROOT_CLASS = YES_ERROR;
				CLANG_WARN_QUOTED_INCLUDE_IN_FRAMEWORK_HEADER = YES;
				CLANG_WARN_RANGE_LOOP_ANALYSIS = YES;
				CLANG_WARN_STRICT_PROTOTYPES = YES;
				CLANG_WARN_SUSPICIOUS_MOVE = YES;
				CLANG_WARN_UNGUARDED_AVAILABILITY = YES_AGGRESSIVE;
				CLANG_WARN_UNREACHABLE_CODE = YES;
				CLANG_WARN__DUPLICATE_METHOD_MATCH = YES;
				COPY_PHASE_STRIP = NO;
				DEBUG_INFORMATION_FORMAT = dwarf;
				ENABLE_STRICT_OBJC_MSGSEND = YES;
				ENABLE_TESTABILITY = YES;
				GCC_C_LANGUAGE_STANDARD = gnu11;
				GCC_DYNAMIC_NO_PIC = NO;
				GCC_NO_COMMON_BLOCKS = YES;
				GCC_OPTIMIZATION_LEVEL = 0;
				GCC_PREPROCESSOR_DEFINITIONS = (
					"DEBUG=1",
					"$(inherited)",
				);
				GCC_WARN_64_TO_32_BIT_CONVERSION = YES;
				GCC_WARN_ABOUT_RETURN_TYPE = YES_ERROR;
				GCC_WARN_UNDECLARED_SELECTOR = YES;
				GCC_WARN_UNINITIALIZED_AUTOS = YES_AGGRESSIVE;
				GCC_WARN_UNUSED_FUNCTION = YES;
				GCC_WARN_UNUSED_VARIABLE = YES;
				IPHONEOS_DEPLOYMENT_TARGET = 16.1;
				MTL_ENABLE_DEBUG_INFO = INCLUDE_SOURCE;
				MTL_FAST_MATH = YES;
				ONLY_ACTIVE_ARCH = YES;
				SDKROOT = iphoneos;
				SWIFT_ACTIVE_COMPILATION_CONDITIONS = DEBUG;
				SWIFT_OPTIMIZATION_LEVEL = "-Onone";
			};
			name = Debug;
		};
		94B88F9D292E9FFC00ACF245 /* Release */ = {
			isa = XCBuildConfiguration;
			buildSettings = {
				ALWAYS_SEARCH_USER_PATHS = NO;
				CLANG_ANALYZER_NONNULL = YES;
				CLANG_ANALYZER_NUMBER_OBJECT_CONVERSION = YES_AGGRESSIVE;
				CLANG_CXX_LANGUAGE_STANDARD = "gnu++20";
				CLANG_ENABLE_MODULES = YES;
				CLANG_ENABLE_OBJC_ARC = YES;
				CLANG_ENABLE_OBJC_WEAK = YES;
				CLANG_WARN_BLOCK_CAPTURE_AUTORELEASING = YES;
				CLANG_WARN_BOOL_CONVERSION = YES;
				CLANG_WARN_COMMA = YES;
				CLANG_WARN_CONSTANT_CONVERSION = YES;
				CLANG_WARN_DEPRECATED_OBJC_IMPLEMENTATIONS = YES;
				CLANG_WARN_DIRECT_OBJC_ISA_USAGE = YES_ERROR;
				CLANG_WARN_DOCUMENTATION_COMMENTS = YES;
				CLANG_WARN_EMPTY_BODY = YES;
				CLANG_WARN_ENUM_CONVERSION = YES;
				CLANG_WARN_INFINITE_RECURSION = YES;
				CLANG_WARN_INT_CONVERSION = YES;
				CLANG_WARN_NON_LITERAL_NULL_CONVERSION = YES;
				CLANG_WARN_OBJC_IMPLICIT_RETAIN_SELF = YES;
				CLANG_WARN_OBJC_LITERAL_CONVERSION = YES;
				CLANG_WARN_OBJC_ROOT_CLASS = YES_ERROR;
				CLANG_WARN_QUOTED_INCLUDE_IN_FRAMEWORK_HEADER = YES;
				CLANG_WARN_RANGE_LOOP_ANALYSIS = YES;
				CLANG_WARN_STRICT_PROTOTYPES = YES;
				CLANG_WARN_SUSPICIOUS_MOVE = YES;
				CLANG_WARN_UNGUARDED_AVAILABILITY = YES_AGGRESSIVE;
				CLANG_WARN_UNREACHABLE_CODE = YES;
				CLANG_WARN__DUPLICATE_METHOD_MATCH = YES;
				COPY_PHASE_STRIP = NO;
				DEBUG_INFORMATION_FORMAT = "dwarf-with-dsym";
				ENABLE_NS_ASSERTIONS = NO;
				ENABLE_STRICT_OBJC_MSGSEND = YES;
				GCC_C_LANGUAGE_STANDARD = gnu11;
				GCC_NO_COMMON_BLOCKS = YES;
				GCC_WARN_64_TO_32_BIT_CONVERSION = YES;
				GCC_WARN_ABOUT_RETURN_TYPE = YES_ERROR;
				GCC_WARN_UNDECLARED_SELECTOR = YES;
				GCC_WARN_UNINITIALIZED_AUTOS = YES_AGGRESSIVE;
				GCC_WARN_UNUSED_FUNCTION = YES;
				GCC_WARN_UNUSED_VARIABLE = YES;
				IPHONEOS_DEPLOYMENT_TARGET = 16.1;
				MTL_ENABLE_DEBUG_INFO = NO;
				MTL_FAST_MATH = YES;
				SDKROOT = iphoneos;
				SWIFT_COMPILATION_MODE = wholemodule;
				SWIFT_OPTIMIZATION_LEVEL = "-O";
				VALIDATE_PRODUCT = YES;
			};
			name = Release;
		};
		94B88F9F292E9FFC00ACF245 /* Debug */ = {
			isa = XCBuildConfiguration;
			buildSettings = {
				ASSETCATALOG_COMPILER_APPICON_NAME = AppIcon;
				ASSETCATALOG_COMPILER_GLOBAL_ACCENT_COLOR_NAME = AccentColor;
				CODE_SIGN_STYLE = Automatic;
				CURRENT_PROJECT_VERSION = 1;
				DEVELOPMENT_TEAM = RUYZ999FPK;
				GENERATE_INFOPLIST_FILE = YES;
				INFOPLIST_FILE = SomeSadows/Info.plist;
				INFOPLIST_KEY_UIApplicationSupportsIndirectInputEvents = YES;
				INFOPLIST_KEY_UILaunchStoryboardName = LaunchScreen;
				INFOPLIST_KEY_UIMainStoryboardFile = Main;
				INFOPLIST_KEY_UISupportedInterfaceOrientations_iPad = "UIInterfaceOrientationPortrait UIInterfaceOrientationPortraitUpsideDown UIInterfaceOrientationLandscapeLeft UIInterfaceOrientationLandscapeRight";
				INFOPLIST_KEY_UISupportedInterfaceOrientations_iPhone = "UIInterfaceOrientationPortrait UIInterfaceOrientationLandscapeLeft UIInterfaceOrientationLandscapeRight";
				LD_RUNPATH_SEARCH_PATHS = (
					"$(inherited)",
					"@executable_path/Frameworks",
				);
				MARKETING_VERSION = 1.0;
				PRODUCT_BUNDLE_IDENTIFIER = com.my.SomeSadows;
				PRODUCT_NAME = "$(TARGET_NAME)";
				SWIFT_EMIT_LOC_STRINGS = YES;
				SWIFT_VERSION = 5.0;
				TARGETED_DEVICE_FAMILY = "1,2";
			};
			name = Debug;
		};
		94B88FA0292E9FFC00ACF245 /* Release */ = {
			isa = XCBuildConfiguration;
			buildSettings = {
				ASSETCATALOG_COMPILER_APPICON_NAME = AppIcon;
				ASSETCATALOG_COMPILER_GLOBAL_ACCENT_COLOR_NAME = AccentColor;
				CODE_SIGN_STYLE = Automatic;
				CURRENT_PROJECT_VERSION = 1;
				DEVELOPMENT_TEAM = RUYZ999FPK;
				GENERATE_INFOPLIST_FILE = YES;
				INFOPLIST_FILE = SomeSadows/Info.plist;
				INFOPLIST_KEY_UIApplicationSupportsIndirectInputEvents = YES;
				INFOPLIST_KEY_UILaunchStoryboardName = LaunchScreen;
				INFOPLIST_KEY_UIMainStoryboardFile = Main;
				INFOPLIST_KEY_UISupportedInterfaceOrientations_iPad = "UIInterfaceOrientationPortrait UIInterfaceOrientationPortraitUpsideDown UIInterfaceOrientationLandscapeLeft UIInterfaceOrientationLandscapeRight";
				INFOPLIST_KEY_UISupportedInterfaceOrientations_iPhone = "UIInterfaceOrientationPortrait UIInterfaceOrientationLandscapeLeft UIInterfaceOrientationLandscapeRight";
				LD_RUNPATH_SEARCH_PATHS = (
					"$(inherited)",
					"@executable_path/Frameworks",
				);
				MARKETING_VERSION = 1.0;
				PRODUCT_BUNDLE_IDENTIFIER = com.my.SomeSadows;
				PRODUCT_NAME = "$(TARGET_NAME)";
				SWIFT_EMIT_LOC_STRINGS = YES;
				SWIFT_VERSION = 5.0;
				TARGETED_DEVICE_FAMILY = "1,2";
			};
			name = Release;
		};
/* End XCBuildConfiguration section */

/* Begin XCConfigurationList section */
		94B88F85292E9FFB00ACF245 /* Build configuration list for PBXProject "SomeSadows" */ = {
			isa = XCConfigurationList;
			buildConfigurations = (
				94B88F9C292E9FFC00ACF245 /* Debug */,
				94B88F9D292E9FFC00ACF245 /* Release */,
			);
			defaultConfigurationIsVisible = 0;
			defaultConfigurationName = Release;
		};
		94B88F9E292E9FFC00ACF245 /* Build configuration list for PBXNativeTarget "SomeSadows" */ = {
			isa = XCConfigurationList;
			buildConfigurations = (
				94B88F9F292E9FFC00ACF245 /* Debug */,
				94B88FA0292E9FFC00ACF245 /* Release */,
			);
			defaultConfigurationIsVisible = 0;
			defaultConfigurationName = Release;
		};
/* End XCConfigurationList section */
	};
	rootObject = 94B88F82292E9FFB00ACF245 /* Project object */;
}
